{
  "name": "shim-orm-core",
  "lockfileVersion": 3,
  "requires": true,
  "packages": {
    "": {
      "dependencies": {
        "@traits-ts/core": "^1.2.1"
      }
    },
    "node_modules/@traits-ts/core": {
      "version": "1.2.1",
      "resolved": "https://registry.npmjs.org/@traits-ts/core/-/core-1.2.1.tgz",
      "integrity": "sha512-RZlVm5bu4edh5eMHn6Npp2UMkaCD448l/IcnH+g5nFAZDj2tMRY3poXAdgUPChkh7qj2c02I4qUpWyXdJ5PEzA==",
      "license": "MIT"
    }
  }
}
